// !$*UTF8*$!
{
	archiveVersion = 1;
	classes = {
	};
	objectVersion = 55;
	objects = {

/* Begin PBXBuildFile section */
		BA390346280F508B00AEEA0A /* AppDelegate.swift in Sources */ = {isa = PBXBuildFile; fileRef = BA390345280F508B00AEEA0A /* AppDelegate.swift */; };
		BA390348280F508B00AEEA0A /* SceneDelegate.swift in Sources */ = {isa = PBXBuildFile; fileRef = BA390347280F508B00AEEA0A /* SceneDelegate.swift */; };
		BA39034A280F508B00AEEA0A /* ViewController.swift in Sources */ = {isa = PBXBuildFile; fileRef = BA390349280F508B00AEEA0A /* ViewController.swift */; };
		BA39034D280F508B00AEEA0A /* Main.storyboard in Resources */ = {isa = PBXBuildFile; fileRef = BA39034B280F508B00AEEA0A /* Main.storyboard */; };
		BA39034F280F508D00AEEA0A /* Assets.xcassets in Resources */ = {isa = PBXBuildFile; fileRef = BA39034E280F508D00AEEA0A /* Assets.xcassets */; };
		BA390352280F508D00AEEA0A /* LaunchScreen.storyboard in Resources */ = {isa = PBXBuildFile; fileRef = BA390350280F508D00AEEA0A /* LaunchScreen.storyboard */; };
		BA39035D280F508D00AEEA0A /* LBCodeChallengeTests.swift in Sources */ = {isa = PBXBuildFile; fileRef = BA39035C280F508D00AEEA0A /* LBCodeChallengeTests.swift */; };
		BA39037B280F57C400AEEA0A /* MainTabBarConroller.swift in Sources */ = {isa = PBXBuildFile; fileRef = BA39037A280F57C400AEEA0A /* MainTabBarConroller.swift */; };
/* End PBXBuildFile section */

/* Begin PBXContainerItemProxy section */
		BA390359280F508D00AEEA0A /* PBXContainerItemProxy */ = {
			isa = PBXContainerItemProxy;
			containerPortal = BA39033A280F508A00AEEA0A /* Project object */;
			proxyType = 1;
			remoteGlobalIDString = BA390341280F508B00AEEA0A;
			remoteInfo = LBCodeChallenge;
		};
/* End PBXContainerItemProxy section */

/* Begin PBXFileReference section */
		BA390342280F508B00AEEA0A /* LBCodeChallenge.app */ = {isa = PBXFileReference; explicitFileType = wrapper.application; includeInIndex = 0; path = LBCodeChallenge.app; sourceTree = BUILT_PRODUCTS_DIR; };
		BA390345280F508B00AEEA0A /* AppDelegate.swift */ = {isa = PBXFileReference; lastKnownFileType = sourcecode.swift; path = AppDelegate.swift; sourceTree = "<group>"; };
		BA390347280F508B00AEEA0A /* SceneDelegate.swift */ = {isa = PBXFileReference; lastKnownFileType = sourcecode.swift; path = SceneDelegate.swift; sourceTree = "<group>"; };
		BA390349280F508B00AEEA0A /* ViewController.swift */ = {isa = PBXFileReference; lastKnownFileType = sourcecode.swift; path = ViewController.swift; sourceTree = "<group>"; };
		BA39034C280F508B00AEEA0A /* Base */ = {isa = PBXFileReference; lastKnownFileType = file.storyboard; name = Base; path = Base.lproj/Main.storyboard; sourceTree = "<group>"; };
		BA39034E280F508D00AEEA0A /* Assets.xcassets */ = {isa = PBXFileReference; lastKnownFileType = folder.assetcatalog; path = Assets.xcassets; sourceTree = "<group>"; };
		BA390351280F508D00AEEA0A /* Base */ = {isa = PBXFileReference; lastKnownFileType = file.storyboard; name = Base; path = Base.lproj/LaunchScreen.storyboard; sourceTree = "<group>"; };
		BA390353280F508D00AEEA0A /* Info.plist */ = {isa = PBXFileReference; lastKnownFileType = text.plist.xml; path = Info.plist; sourceTree = "<group>"; };
		BA390358280F508D00AEEA0A /* LBCodeChallengeTests.xctest */ = {isa = PBXFileReference; explicitFileType = wrapper.cfbundle; includeInIndex = 0; path = LBCodeChallengeTests.xctest; sourceTree = BUILT_PRODUCTS_DIR; };
		BA39035C280F508D00AEEA0A /* LBCodeChallengeTests.swift */ = {isa = PBXFileReference; lastKnownFileType = sourcecode.swift; path = LBCodeChallengeTests.swift; sourceTree = "<group>"; };
		BA39037A280F57C400AEEA0A /* MainTabBarConroller.swift */ = {isa = PBXFileReference; fileEncoding = 4; lastKnownFileType = sourcecode.swift; path = MainTabBarConroller.swift; sourceTree = "<group>"; };
/* End PBXFileReference section */

/* Begin PBXFrameworksBuildPhase section */
		BA39033F280F508B00AEEA0A /* Frameworks */ = {
			isa = PBXFrameworksBuildPhase;
			buildActionMask = 2147483647;
			files = (
			);
			runOnlyForDeploymentPostprocessing = 0;
		};
		BA390355280F508D00AEEA0A /* Frameworks */ = {
			isa = PBXFrameworksBuildPhase;
			buildActionMask = 2147483647;
			files = (
			);
			runOnlyForDeploymentPostprocessing = 0;
		};
/* End PBXFrameworksBuildPhase section */

/* Begin PBXGroup section */
		BA390339280F508A00AEEA0A = {
			isa = PBXGroup;
			children = (
				BA390344280F508B00AEEA0A /* LBCodeChallenge */,
				BA39035B280F508D00AEEA0A /* LBCodeChallengeTests */,
				BA390343280F508B00AEEA0A /* Products */,
			);
			sourceTree = "<group>";
		};
		BA390343280F508B00AEEA0A /* Products */ = {
			isa = PBXGroup;
			children = (
				BA390342280F508B00AEEA0A /* LBCodeChallenge.app */,
				BA390358280F508D00AEEA0A /* LBCodeChallengeTests.xctest */,
			);
			name = Products;
			sourceTree = "<group>";
		};
		BA390344280F508B00AEEA0A /* LBCodeChallenge */ = {
			isa = PBXGroup;
			children = (
				BA390378280F55F900AEEA0A /* Presentation */,
				BA390377280F55EB00AEEA0A /* Domain */,
				BA390376280F55DF00AEEA0A /* Infrastructure */,
				BA390375280F55D700AEEA0A /* App */,
				BA39034E280F508D00AEEA0A /* Assets.xcassets */,
				BA390353280F508D00AEEA0A /* Info.plist */,
			);
			path = LBCodeChallenge;
			sourceTree = "<group>";
		};
		BA39035B280F508D00AEEA0A /* LBCodeChallengeTests */ = {
			isa = PBXGroup;
			children = (
				BA39035C280F508D00AEEA0A /* LBCodeChallengeTests.swift */,
			);
			path = LBCodeChallengeTests;
			sourceTree = "<group>";
		};
		BA390375280F55D700AEEA0A /* App */ = {
			isa = PBXGroup;
			children = (
				BA390347280F508B00AEEA0A /* SceneDelegate.swift */,
				BA390345280F508B00AEEA0A /* AppDelegate.swift */,
			);
			path = App;
			sourceTree = "<group>";
		};
		BA390376280F55DF00AEEA0A /* Infrastructure */ = {
			isa = PBXGroup;
			children = (
			);
			path = Infrastructure;
			sourceTree = "<group>";
		};
		BA390377280F55EB00AEEA0A /* Domain */ = {
			isa = PBXGroup;
			children = (
			);
			path = Domain;
			sourceTree = "<group>";
		};
		BA390378280F55F900AEEA0A /* Presentation */ = {
			isa = PBXGroup;
			children = (
				BA390379280F57C400AEEA0A /* TabBar */,
				BA39034B280F508B00AEEA0A /* Main.storyboard */,
				BA390349280F508B00AEEA0A /* ViewController.swift */,
				BA390350280F508D00AEEA0A /* LaunchScreen.storyboard */,
			);
			path = Presentation;
			sourceTree = "<group>";
		};
		BA390379280F57C400AEEA0A /* TabBar */ = {
			isa = PBXGroup;
			children = (
				BA39037A280F57C400AEEA0A /* MainTabBarConroller.swift */,
			);
			path = TabBar;
			sourceTree = "<group>";
		};
/* End PBXGroup section */

/* Begin PBXNativeTarget section */
		BA390341280F508B00AEEA0A /* LBCodeChallenge */ = {
			isa = PBXNativeTarget;
			buildConfigurationList = BA39036C280F508D00AEEA0A /* Build configuration list for PBXNativeTarget "LBCodeChallenge" */;
			buildPhases = (
				BA39033E280F508B00AEEA0A /* Sources */,
				BA39033F280F508B00AEEA0A /* Frameworks */,
				BA390340280F508B00AEEA0A /* Resources */,
			);
			buildRules = (
			);
			dependencies = (
			);
			name = LBCodeChallenge;
			productName = LBCodeChallenge;
			productReference = BA390342280F508B00AEEA0A /* LBCodeChallenge.app */;
			productType = "com.apple.product-type.application";
		};
		BA390357280F508D00AEEA0A /* LBCodeChallengeTests */ = {
			isa = PBXNativeTarget;
			buildConfigurationList = BA39036F280F508D00AEEA0A /* Build configuration list for PBXNativeTarget "LBCodeChallengeTests" */;
			buildPhases = (
				BA390354280F508D00AEEA0A /* Sources */,
				BA390355280F508D00AEEA0A /* Frameworks */,
				BA390356280F508D00AEEA0A /* Resources */,
			);
			buildRules = (
			);
			dependencies = (
				BA39035A280F508D00AEEA0A /* PBXTargetDependency */,
			);
			name = LBCodeChallengeTests;
			productName = LBCodeChallengeTests;
			productReference = BA390358280F508D00AEEA0A /* LBCodeChallengeTests.xctest */;
			productType = "com.apple.product-type.bundle.unit-test";
		};
/* End PBXNativeTarget section */

/* Begin PBXProject section */
		BA39033A280F508A00AEEA0A /* Project object */ = {
			isa = PBXProject;
			attributes = {
				BuildIndependentTargetsInParallel = 1;
				LastSwiftUpdateCheck = 1320;
				LastUpgradeCheck = 1320;
				TargetAttributes = {
					BA390341280F508B00AEEA0A = {
						CreatedOnToolsVersion = 13.2.1;
					};
					BA390357280F508D00AEEA0A = {
						CreatedOnToolsVersion = 13.2.1;
						TestTargetID = BA390341280F508B00AEEA0A;
					};
				};
			};
			buildConfigurationList = BA39033D280F508A00AEEA0A /* Build configuration list for PBXProject "LBCodeChallenge" */;
			compatibilityVersion = "Xcode 13.0";
			developmentRegion = en;
			hasScannedForEncodings = 0;
			knownRegions = (
				en,
				Base,
			);
			mainGroup = BA390339280F508A00AEEA0A;
			productRefGroup = BA390343280F508B00AEEA0A /* Products */;
			projectDirPath = "";
			projectRoot = "";
			targets = (
				BA390341280F508B00AEEA0A /* LBCodeChallenge */,
				BA390357280F508D00AEEA0A /* LBCodeChallengeTests */,
			);
		};
/* End PBXProject section */

/* Begin PBXResourcesBuildPhase section */
		BA390340280F508B00AEEA0A /* Resources */ = {
			isa = PBXResourcesBuildPhase;
			buildActionMask = 2147483647;
			files = (
				BA390352280F508D00AEEA0A /* LaunchScreen.storyboard in Resources */,
				BA39034F280F508D00AEEA0A /* Assets.xcassets in Resources */,
				BA39034D280F508B00AEEA0A /* Main.storyboard in Resources */,
			);
			runOnlyForDeploymentPostprocessing = 0;
		};
		BA390356280F508D00AEEA0A /* Resources */ = {
			isa = PBXResourcesBuildPhase;
			buildActionMask = 2147483647;
			files = (
			);
			runOnlyForDeploymentPostprocessing = 0;
		};
/* End PBXResourcesBuildPhase section */

/* Begin PBXSourcesBuildPhase section */
		BA39033E280F508B00AEEA0A /* Sources */ = {
			isa = PBXSourcesBuildPhase;
			buildActionMask = 2147483647;
			files = (
				BA39034A280F508B00AEEA0A /* ViewController.swift in Sources */,
				BA39037B280F57C400AEEA0A /* MainTabBarConroller.swift in Sources */,
				BA390346280F508B00AEEA0A /* AppDelegate.swift in Sources */,
				BA390348280F508B00AEEA0A /* SceneDelegate.swift in Sources */,
			);
			runOnlyForDeploymentPostprocessing = 0;
		};
		BA390354280F508D00AEEA0A /* Sources */ = {
			isa = PBXSourcesBuildPhase;
			buildActionMask = 2147483647;
			files = (
				BA39035D280F508D00AEEA0A /* LBCodeChallengeTests.swift in Sources */,
			);
			runOnlyForDeploymentPostprocessing = 0;
		};
/* End PBXSourcesBuildPhase section */

/* Begin PBXTargetDependency section */
		BA39035A280F508D00AEEA0A /* PBXTargetDependency */ = {
			isa = PBXTargetDependency;
			target = BA390341280F508B00AEEA0A /* LBCodeChallenge */;
			targetProxy = BA390359280F508D00AEEA0A /* PBXContainerItemProxy */;
		};
/* End PBXTargetDependency section */

/* Begin PBXVariantGroup section */
		BA39034B280F508B00AEEA0A /* Main.storyboard */ = {
			isa = PBXVariantGroup;
			children = (
				BA39034C280F508B00AEEA0A /* Base */,
			);
			name = Main.storyboard;
			sourceTree = "<group>";
		};
		BA390350280F508D00AEEA0A /* LaunchScreen.storyboard */ = {
			isa = PBXVariantGroup;
			children = (
				BA390351280F508D00AEEA0A /* Base */,
			);
			name = LaunchScreen.storyboard;
			sourceTree = "<group>";
		};
/* End PBXVariantGroup section */

/* Begin XCBuildConfiguration section */
		BA39036A280F508D00AEEA0A /* Debug */ = {
			isa = XCBuildConfiguration;
			buildSettings = {
				ALWAYS_SEARCH_USER_PATHS = NO;
				CLANG_ANALYZER_NONNULL = YES;
				CLANG_ANALYZER_NUMBER_OBJECT_CONVERSION = YES_AGGRESSIVE;
				CLANG_CXX_LANGUAGE_STANDARD = "gnu++17";
				CLANG_CXX_LIBRARY = "libc++";
				CLANG_ENABLE_MODULES = YES;
				CLANG_ENABLE_OBJC_ARC = YES;
				CLANG_ENABLE_OBJC_WEAK = YES;
				CLANG_WARN_BLOCK_CAPTURE_AUTORELEASING = YES;
				CLANG_WARN_BOOL_CONVERSION = YES;
				CLANG_WARN_COMMA = YES;
				CLANG_WARN_CONSTANT_CONVERSION = YES;
				CLANG_WARN_DEPRECATED_OBJC_IMPLEMENTATIONS = YES;
				CLANG_WARN_DIRECT_OBJC_ISA_USAGE = YES_ERROR;
				CLANG_WARN_DOCUMENTATION_COMMENTS = YES;
				CLANG_WARN_EMPTY_BODY = YES;
				CLANG_WARN_ENUM_CONVERSION = YES;
				CLANG_WARN_INFINITE_RECURSION = YES;
				CLANG_WARN_INT_CONVERSION = YES;
				CLANG_WARN_NON_LITERAL_NULL_CONVERSION = YES;
				CLANG_WARN_OBJC_IMPLICIT_RETAIN_SELF = YES;
				CLANG_WARN_OBJC_LITERAL_CONVERSION = YES;
				CLANG_WARN_OBJC_ROOT_CLASS = YES_ERROR;
				CLANG_WARN_QUOTED_INCLUDE_IN_FRAMEWORK_HEADER = YES;
				CLANG_WARN_RANGE_LOOP_ANALYSIS = YES;
				CLANG_WARN_STRICT_PROTOTYPES = YES;
				CLANG_WARN_SUSPICIOUS_MOVE = YES;
				CLANG_WARN_UNGUARDED_AVAILABILITY = YES_AGGRESSIVE;
				CLANG_WARN_UNREACHABLE_CODE = YES;
				CLANG_WARN__DUPLICATE_METHOD_MATCH = YES;
				COPY_PHASE_STRIP = NO;
				DEBUG_INFORMATION_FORMAT = dwarf;
				ENABLE_STRICT_OBJC_MSGSEND = YES;
				ENABLE_TESTABILITY = YES;
				GCC_C_LANGUAGE_STANDARD = gnu11;
				GCC_DYNAMIC_NO_PIC = NO;
				GCC_NO_COMMON_BLOCKS = YES;
				GCC_OPTIMIZATION_LEVEL = 0;
				GCC_PREPROCESSOR_DEFINITIONS = (
					"DEBUG=1",
					"$(inherited)",
				);
				GCC_WARN_64_TO_32_BIT_CONVERSION = YES;
				GCC_WARN_ABOUT_RETURN_TYPE = YES_ERROR;
				GCC_WARN_UNDECLARED_SELECTOR = YES;
				GCC_WARN_UNINITIALIZED_AUTOS = YES_AGGRESSIVE;
				GCC_WARN_UNUSED_FUNCTION = YES;
				GCC_WARN_UNUSED_VARIABLE = YES;
				IPHONEOS_DEPLOYMENT_TARGET = 15.2;
				MTL_ENABLE_DEBUG_INFO = INCLUDE_SOURCE;
				MTL_FAST_MATH = YES;
				ONLY_ACTIVE_ARCH = YES;
				SDKROOT = iphoneos;
				SWIFT_ACTIVE_COMPILATION_CONDITIONS = DEBUG;
				SWIFT_OPTIMIZATION_LEVEL = "-Onone";
			};
			name = Debug;
		};
		BA39036B280F508D00AEEA0A /* Release */ = {
			isa = XCBuildConfiguration;
			buildSettings = {
				ALWAYS_SEARCH_USER_PATHS = NO;
				CLANG_ANALYZER_NONNULL = YES;
				CLANG_ANALYZER_NUMBER_OBJECT_CONVERSION = YES_AGGRESSIVE;
				CLANG_CXX_LANGUAGE_STANDARD = "gnu++17";
				CLANG_CXX_LIBRARY = "libc++";
				CLANG_ENABLE_MODULES = YES;
				CLANG_ENABLE_OBJC_ARC = YES;
				CLANG_ENABLE_OBJC_WEAK = YES;
				CLANG_WARN_BLOCK_CAPTURE_AUTORELEASING = YES;
				CLANG_WARN_BOOL_CONVERSION = YES;
				CLANG_WARN_COMMA = YES;
				CLANG_WARN_CONSTANT_CONVERSION = YES;
				CLANG_WARN_DEPRECATED_OBJC_IMPLEMENTATIONS = YES;
				CLANG_WARN_DIRECT_OBJC_ISA_USAGE = YES_ERROR;
				CLANG_WARN_DOCUMENTATION_COMMENTS = YES;
				CLANG_WARN_EMPTY_BODY = YES;
				CLANG_WARN_ENUM_CONVERSION = YES;
				CLANG_WARN_INFINITE_RECURSION = YES;
				CLANG_WARN_INT_CONVERSION = YES;
				CLANG_WARN_NON_LITERAL_NULL_CONVERSION = YES;
				CLANG_WARN_OBJC_IMPLICIT_RETAIN_SELF = YES;
				CLANG_WARN_OBJC_LITERAL_CONVERSION = YES;
				CLANG_WARN_OBJC_ROOT_CLASS = YES_ERROR;
				CLANG_WARN_QUOTED_INCLUDE_IN_FRAMEWORK_HEADER = YES;
				CLANG_WARN_RANGE_LOOP_ANALYSIS = YES;
				CLANG_WARN_STRICT_PROTOTYPES = YES;
				CLANG_WARN_SUSPICIOUS_MOVE = YES;
				CLANG_WARN_UNGUARDED_AVAILABILITY = YES_AGGRESSIVE;
				CLANG_WARN_UNREACHABLE_CODE = YES;
				CLANG_WARN__DUPLICATE_METHOD_MATCH = YES;
				COPY_PHASE_STRIP = NO;
				DEBUG_INFORMATION_FORMAT = "dwarf-with-dsym";
				ENABLE_NS_ASSERTIONS = NO;
				ENABLE_STRICT_OBJC_MSGSEND = YES;
				GCC_C_LANGUAGE_STANDARD = gnu11;
				GCC_NO_COMMON_BLOCKS = YES;
				GCC_WARN_64_TO_32_BIT_CONVERSION = YES;
				GCC_WARN_ABOUT_RETURN_TYPE = YES_ERROR;
				GCC_WARN_UNDECLARED_SELECTOR = YES;
				GCC_WARN_UNINITIALIZED_AUTOS = YES_AGGRESSIVE;
				GCC_WARN_UNUSED_FUNCTION = YES;
				GCC_WARN_UNUSED_VARIABLE = YES;
				IPHONEOS_DEPLOYMENT_TARGET = 15.2;
				MTL_ENABLE_DEBUG_INFO = NO;
				MTL_FAST_MATH = YES;
				SDKROOT = iphoneos;
				SWIFT_COMPILATION_MODE = wholemodule;
				SWIFT_OPTIMIZATION_LEVEL = "-O";
				VALIDATE_PRODUCT = YES;
			};
			name = Release;
		};
		BA39036D280F508D00AEEA0A /* Debug */ = {
			isa = XCBuildConfiguration;
			buildSettings = {
				ASSETCATALOG_COMPILER_APPICON_NAME = AppIcon;
				ASSETCATALOG_COMPILER_GLOBAL_ACCENT_COLOR_NAME = AccentColor;
				CODE_SIGN_STYLE = Automatic;
				CURRENT_PROJECT_VERSION = 1;
				DEVELOPMENT_TEAM = B6FBAKF76P;
				GENERATE_INFOPLIST_FILE = YES;
				INFOPLIST_FILE = LBCodeChallenge/Info.plist;
				INFOPLIST_KEY_UIApplicationSupportsIndirectInputEvents = YES;
				INFOPLIST_KEY_UILaunchStoryboardName = LaunchScreen;
				INFOPLIST_KEY_UIMainStoryboardFile = Main;
				INFOPLIST_KEY_UISupportedInterfaceOrientations_iPad = "UIInterfaceOrientationPortrait UIInterfaceOrientationPortraitUpsideDown UIInterfaceOrientationLandscapeLeft UIInterfaceOrientationLandscapeRight";
				INFOPLIST_KEY_UISupportedInterfaceOrientations_iPhone = "UIInterfaceOrientationPortrait UIInterfaceOrientationLandscapeLeft UIInterfaceOrientationLandscapeRight";
				LD_RUNPATH_SEARCH_PATHS = (
					"$(inherited)",
					"@executable_path/Frameworks",
				);
				MARKETING_VERSION = 1.0;
				PRODUCT_BUNDLE_IDENTIFIER = code.LBCodeChallenge;
				PRODUCT_NAME = "$(TARGET_NAME)";
				SWIFT_EMIT_LOC_STRINGS = YES;
				SWIFT_VERSION = 5.0;
				TARGETED_DEVICE_FAMILY = "1,2";
			};
			name = Debug;
		};
		BA39036E280F508D00AEEA0A /* Release */ = {
			isa = XCBuildConfiguration;
			buildSettings = {
				ASSETCATALOG_COMPILER_APPICON_NAME = AppIcon;
				ASSETCATALOG_COMPILER_GLOBAL_ACCENT_COLOR_NAME = AccentColor;
				CODE_SIGN_STYLE = Automatic;
				CURRENT_PROJECT_VERSION = 1;
				DEVELOPMENT_TEAM = B6FBAKF76P;
				GENERATE_INFOPLIST_FILE = YES;
				INFOPLIST_FILE = LBCodeChallenge/Info.plist;
				INFOPLIST_KEY_UIApplicationSupportsIndirectInputEvents = YES;
				INFOPLIST_KEY_UILaunchStoryboardName = LaunchScreen;
				INFOPLIST_KEY_UIMainStoryboardFile = Main;
				INFOPLIST_KEY_UISupportedInterfaceOrientations_iPad = "UIInterfaceOrientationPortrait UIInterfaceOrientationPortraitUpsideDown UIInterfaceOrientationLandscapeLeft UIInterfaceOrientationLandscapeRight";
				INFOPLIST_KEY_UISupportedInterfaceOrientations_iPhone = "UIInterfaceOrientationPortrait UIInterfaceOrientationLandscapeLeft UIInterfaceOrientationLandscapeRight";
				LD_RUNPATH_SEARCH_PATHS = (
					"$(inherited)",
					"@executable_path/Frameworks",
				);
				MARKETING_VERSION = 1.0;
				PRODUCT_BUNDLE_IDENTIFIER = code.LBCodeChallenge;
				PRODUCT_NAME = "$(TARGET_NAME)";
				SWIFT_EMIT_LOC_STRINGS = YES;
				SWIFT_VERSION = 5.0;
				TARGETED_DEVICE_FAMILY = "1,2";
			};
			name = Release;
		};
		BA390370280F508D00AEEA0A /* Debug */ = {
			isa = XCBuildConfiguration;
			buildSettings = {
				ALWAYS_EMBED_SWIFT_STANDARD_LIBRARIES = YES;
				BUNDLE_LOADER = "$(TEST_HOST)";
				CODE_SIGN_STYLE = Automatic;
				CURRENT_PROJECT_VERSION = 1;
				DEVELOPMENT_TEAM = B6FBAKF76P;
				GENERATE_INFOPLIST_FILE = YES;
				IPHONEOS_DEPLOYMENT_TARGET = 15.2;
				MARKETING_VERSION = 1.0;
				PRODUCT_BUNDLE_IDENTIFIER = code.LBCodeChallengeTests;
				PRODUCT_NAME = "$(TARGET_NAME)";
				SWIFT_EMIT_LOC_STRINGS = NO;
				SWIFT_VERSION = 5.0;
				TARGETED_DEVICE_FAMILY = "1,2";
				TEST_HOST = "$(BUILT_PRODUCTS_DIR)/LBCodeChallenge.app/LBCodeChallenge";
			};
			name = Debug;
		};
		BA390371280F508D00AEEA0A /* Release */ = {
			isa = XCBuildConfiguration;
			buildSettings = {
				ALWAYS_EMBED_SWIFT_STANDARD_LIBRARIES = YES;
				BUNDLE_LOADER = "$(TEST_HOST)";
				CODE_SIGN_STYLE = Automatic;
				CURRENT_PROJECT_VERSION = 1;
				DEVELOPMENT_TEAM = B6FBAKF76P;
				GENERATE_INFOPLIST_FILE = YES;
				IPHONEOS_DEPLOYMENT_TARGET = 15.2;
				MARKETING_VERSION = 1.0;
				PRODUCT_BUNDLE_IDENTIFIER = code.LBCodeChallengeTests;
				PRODUCT_NAME = "$(TARGET_NAME)";
				SWIFT_EMIT_LOC_STRINGS = NO;
				SWIFT_VERSION = 5.0;
				TARGETED_DEVICE_FAMILY = "1,2";
				TEST_HOST = "$(BUILT_PRODUCTS_DIR)/LBCodeChallenge.app/LBCodeChallenge";
			};
			name = Release;
		};
/* End XCBuildConfiguration section */

/* Begin XCConfigurationList section */
		BA39033D280F508A00AEEA0A /* Build configuration list for PBXProject "LBCodeChallenge" */ = {
			isa = XCConfigurationList;
			buildConfigurations = (
				BA39036A280F508D00AEEA0A /* Debug */,
				BA39036B280F508D00AEEA0A /* Release */,
			);
			defaultConfigurationIsVisible = 0;
			defaultConfigurationName = Release;
		};
		BA39036C280F508D00AEEA0A /* Build configuration list for PBXNativeTarget "LBCodeChallenge" */ = {
			isa = XCConfigurationList;
			buildConfigurations = (
				BA39036D280F508D00AEEA0A /* Debug */,
				BA39036E280F508D00AEEA0A /* Release */,
			);
			defaultConfigurationIsVisible = 0;
			defaultConfigurationName = Release;
		};
		BA39036F280F508D00AEEA0A /* Build configuration list for PBXNativeTarget "LBCodeChallengeTests" */ = {
			isa = XCConfigurationList;
			buildConfigurations = (
				BA390370280F508D00AEEA0A /* Debug */,
				BA390371280F508D00AEEA0A /* Release */,
			);
			defaultConfigurationIsVisible = 0;
			defaultConfigurationName = Release;
		};
/* End XCConfigurationList section */
	};
	rootObject = BA39033A280F508A00AEEA0A /* Project object */;
}
